<Solution>
  <Folder Name="/docs/">
    <Project Path="docs/Natrix.Docs/Natrix.Docs.csproj" />
    <Project Path="docs/Natrix.Docs.Client/Natrix.Docs.Client.csproj" />
  </Folder>
  <Folder Name="/src/">
    <Project Path="src/Natrix.Browser.Abstractions/Natrix.Browser.Abstractions.csproj" />
    <Project Path="src/Natrix.Browser/Natrix.Browser.csproj" />
    <Project Path="src/Natrix.BrowserTestsRunner/Natrix.BrowserTestsRunner.csproj" />
    <Project Path="src/Natrix.Browser.Tests/Natrix.Browser.Tests.csproj" />
    <Project Path="src/Natrix.Core.Generators.Tests/Natrix.Core.Generators.Tests.csproj" />
    <Project Path="src/Natrix.Core.Generators/Natrix.Core.Generators.csproj" />
    <Project Path="src/Natrix.Ssr.Tests/Natrix.Ssr.Tests.csproj" />
    <Project Path="src/Natrix.Core/Natrix.Core.csproj" />
    <Project Path="src/Natrix.CoreExample/Natrix.CoreExample.csproj" />
    <Project Path="src/Natrix.Dom/Natrix.Dom.csproj" />
    <Project Path="src/Natrix.JSCore/Natrix.JSCore.csproj" />
    <Project Path="src/Natrix.Signals.Tests/Natrix.Signals.Tests.csproj" />
    <Project Path="src/Natrix.Signals/Natrix.Signals.csproj" />
    <Project Path="src/Natrix.Ssr.Abstractions/Natrix.Ssr.Abstractions.csproj" />
    <Project Path="src/Natrix.Ssr/Natrix.Ssr.csproj" />
    <Project Path="src/Natrix.StdWeb/Natrix.StdWeb.csproj" />
    <Project Path="src/Natrix.TailwindCss.Engine.Abstractions/Natrix.TailwindCss.Engine.Abstractions.csproj" />
    <Project Path="src/Natrix.TailwindCss.Engine/Natrix.TailwindCss.Engine.csproj" />
    <Project Path="src/Natrix.TailwindCss.Generators/Natrix.TailwindCss.Generators.csproj" />
    <Project Path="src/Natrix.TailwindCss/Natrix.TailwindCss.csproj" />
    <Project Path="src/Natrix.TailwindCss.Tests/Natrix.TailwindCss.Tests.csproj" />
    <Project Path="src/Natrix.Templates/Natrix.Templates.csproj" />
    <Project Path="src/Natrix.WebIDLGenerator.Tests/Natrix.WebIDLGenerator.Tests.csproj" />
    <Project Path="src/Natrix.WebIDLGenerator/Natrix.WebIDLGenerator.csproj" />
  </Folder>
</Solution>
